version = 1
revision = 2
requires-python = "==3.9.*"

[[package]]
name = "colorama"
version = "0.4.6"
source = { registry = "https://pypi.org/simple" }
sdist = { url = "https://files.pythonhosted.org/packages/d8/53/6f443c9a4a8358a93a6792e2acffb9d9d5cb0a5cfd8802644b7b1c9a02e4/colorama-0.4.6.tar.gz", hash = "sha256:08695f5cb7ed6e0531a20572697297273c47b8cae5a63ffc6d6ed5c201be6e44", size = 27697, upload-time = "2022-10-25T02:36:22.414Z" }
wheels = [
    { url = "https://files.pythonhosted.org/packages/d1/d6/3965ed04c63042e047cb6a3e6ed1a63a35087b6a609aa3a15ed8ac56c221/colorama-0.4.6-py2.py3-none-any.whl", hash = "sha256:4f1d9991f5acc0ca119f9d443620b77f9d6b33703e51011c16baf57afb285fc6", size = 25335, upload-time = "2022-10-25T02:36:20.889Z" },
]

[[package]]
name = "contourpy"
version = "1.3.0"
source = { registry = "https://pypi.org/simple" }
dependencies = [
    { name = "numpy" },
]
sdist = { url = "https://files.pythonhosted.org/packages/f5/f6/31a8f28b4a2a4fa0e01085e542f3081ab0588eff8e589d39d775172c9792/contourpy-1.3.0.tar.gz", hash = "sha256:7ffa0db17717a8ffb127efd0c95a4362d996b892c2904db72428d5b52e1938a4", size = 13464370, upload-time = "2024-08-27T21:00:03.328Z" }
wheels = [
    { url = "https://files.pythonhosted.org/packages/b3/e3/b9f72758adb6ef7397327ceb8b9c39c75711affb220e4f53c745ea1d5a9a/contourpy-1.3.0-cp39-cp39-macosx_10_9_x86_64.whl", hash = "sha256:a11077e395f67ffc2c44ec2418cfebed032cd6da3022a94fc227b6faf8e2acb8", size = 265518, upload-time = "2024-08-27T20:56:01.333Z" },
    { url = "https://files.pythonhosted.org/packages/ec/22/19f5b948367ab5260fb41d842c7a78dae645603881ea6bc39738bcfcabf6/contourpy-1.3.0-cp39-cp39-macosx_11_0_arm64.whl", hash = "sha256:e8134301d7e204c88ed7ab50028ba06c683000040ede1d617298611f9dc6240c", size = 249350, upload-time = "2024-08-27T20:56:05.432Z" },
    { url = "https://files.pythonhosted.org/packages/26/76/0c7d43263dd00ae21a91a24381b7e813d286a3294d95d179ef3a7b9fb1d7/contourpy-1.3.0-cp39-cp39-manylinux_2_17_aarch64.manylinux2014_aarch64.whl", hash = "sha256:e12968fdfd5bb45ffdf6192a590bd8ddd3ba9e58360b29683c6bb71a7b41edca", size = 309167, upload-time = "2024-08-27T20:56:10.034Z" },
    { url = "https://files.pythonhosted.org/packages/96/3b/cadff6773e89f2a5a492c1a8068e21d3fccaf1a1c1df7d65e7c8e3ef60ba/contourpy-1.3.0-cp39-cp39-manylinux_2_17_ppc64le.manylinux2014_ppc64le.whl", hash = "sha256:fd2a0fc506eccaaa7595b7e1418951f213cf8255be2600f1ea1b61e46a60c55f", size = 348279, upload-time = "2024-08-27T20:56:15.41Z" },
    { url = "https://files.pythonhosted.org/packages/e1/86/158cc43aa549d2081a955ab11c6bdccc7a22caacc2af93186d26f5f48746/contourpy-1.3.0-cp39-cp39-manylinux_2_17_s390x.manylinux2014_s390x.whl", hash = "sha256:4cfb5c62ce023dfc410d6059c936dcf96442ba40814aefbfa575425a3a7f19dc", size = 318519, upload-time = "2024-08-27T20:56:21.813Z" },
    { url = "https://files.pythonhosted.org/packages/05/11/57335544a3027e9b96a05948c32e566328e3a2f84b7b99a325b7a06d2b06/contourpy-1.3.0-cp39-cp39-manylinux_2_17_x86_64.manylinux2014_x86_64.whl", hash = "sha256:68a32389b06b82c2fdd68276148d7b9275b5f5cf13e5417e4252f6d1a34f72a2", size = 321922, upload-time = "2024-08-27T20:56:26.983Z" },
    { url = "https://files.pythonhosted.org/packages/0b/e3/02114f96543f4a1b694333b92a6dcd4f8eebbefcc3a5f3bbb1316634178f/contourpy-1.3.0-cp39-cp39-musllinux_1_2_aarch64.whl", hash = "sha256:94e848a6b83da10898cbf1311a815f770acc9b6a3f2d646f330d57eb4e87592e", size = 1258017, upload-time = "2024-08-27T20:56:42.246Z" },
    { url = "https://files.pythonhosted.org/packages/f3/3b/bfe4c81c6d5881c1c643dde6620be0b42bf8aab155976dd644595cfab95c/contourpy-1.3.0-cp39-cp39-musllinux_1_2_x86_64.whl", hash = "sha256:d78ab28a03c854a873787a0a42254a0ccb3cb133c672f645c9f9c8f3ae9d0800", size = 1316773, upload-time = "2024-08-27T20:56:58.58Z" },
    { url = "https://files.pythonhosted.org/packages/f1/17/c52d2970784383cafb0bd918b6fb036d98d96bbf0bc1befb5d1e31a07a70/contourpy-1.3.0-cp39-cp39-win32.whl", hash = "sha256:81cb5ed4952aae6014bc9d0421dec7c5835c9c8c31cdf51910b708f548cf58e5", size = 171353, upload-time = "2024-08-27T20:57:02.718Z" },
    { url = "https://files.pythonhosted.org/packages/53/23/db9f69676308e094d3c45f20cc52e12d10d64f027541c995d89c11ad5c75/contourpy-1.3.0-cp39-cp39-win_amd64.whl", hash = "sha256:14e262f67bd7e6eb6880bc564dcda30b15e351a594657e55b7eec94b6ef72843", size = 211817, upload-time = "2024-08-27T20:57:06.328Z" },
    { url = "https://files.pythonhosted.org/packages/2b/24/dc3dcd77ac7460ab7e9d2b01a618cb31406902e50e605a8d6091f0a8f7cc/contourpy-1.3.0-pp39-pypy39_pp73-macosx_10_15_x86_64.whl", hash = "sha256:00ccd0dbaad6d804ab259820fa7cb0b8036bda0686ef844d24125d8287178ce0", size = 261894, upload-time = "2024-08-27T20:57:23.873Z" },
    { url = "https://files.pythonhosted.org/packages/b1/db/531642a01cfec39d1682e46b5457b07cf805e3c3c584ec27e2a6223f8f6c/contourpy-1.3.0-pp39-pypy39_pp73-manylinux_2_17_x86_64.manylinux2014_x86_64.whl", hash = "sha256:8ca947601224119117f7c19c9cdf6b3ab54c5726ef1d906aa4a69dfb6dd58102", size = 311099, upload-time = "2024-08-27T20:57:28.58Z" },
    { url = "https://files.pythonhosted.org/packages/38/1e/94bda024d629f254143a134eead69e21c836429a2a6ce82209a00ddcb79a/contourpy-1.3.0-pp39-pypy39_pp73-win_amd64.whl", hash = "sha256:c6ec93afeb848a0845a18989da3beca3eec2c0f852322efe21af1931147d12cb", size = 215838, upload-time = "2024-08-27T20:57:32.913Z" },
]

[[package]]
name = "cycler"
version = "0.12.1"
source = { registry = "https://pypi.org/simple" }
sdist = { url = "https://files.pythonhosted.org/packages/a9/95/a3dbbb5028f35eafb79008e7522a75244477d2838f38cbb722248dabc2a8/cycler-0.12.1.tar.gz", hash = "sha256:88bb128f02ba341da8ef447245a9e138fae777f6a23943da4540077d3601eb1c", size = 7615, upload-time = "2023-10-07T05:32:18.335Z" }
wheels = [
    { url = "https://files.pythonhosted.org/packages/e7/05/c19819d5e3d95294a6f5947fb9b9629efb316b96de511b418c53d245aae6/cycler-0.12.1-py3-none-any.whl", hash = "sha256:85cef7cff222d8644161529808465972e51340599459b8ac3ccbac5a854e0d30", size = 8321, upload-time = "2023-10-07T05:32:16.783Z" },
]

[[package]]
name = "exceptiongroup"
version = "1.3.0"
source = { registry = "https://pypi.org/simple" }
dependencies = [
    { name = "typing-extensions" },
]
sdist = { url = "https://files.pythonhosted.org/packages/0b/9f/a65090624ecf468cdca03533906e7c69ed7588582240cfe7cc9e770b50eb/exceptiongroup-1.3.0.tar.gz", hash = "sha256:b241f5885f560bc56a59ee63ca4c6a8bfa46ae4ad651af316d4e81817bb9fd88", size = 29749, upload-time = "2025-05-10T17:42:51.123Z" }
wheels = [
    { url = "https://files.pythonhosted.org/packages/36/f4/c6e662dade71f56cd2f3735141b265c3c79293c109549c1e6933b0651ffc/exceptiongroup-1.3.0-py3-none-any.whl", hash = "sha256:4d111e6e0c13d0644cad6ddaa7ed0261a0b36971f6d23e7ec9b4b9097da78a10", size = 16674, upload-time = "2025-05-10T17:42:49.33Z" },
]

[[package]]
name = "fonttools"
version = "4.58.1"
source = { registry = "https://pypi.org/simple" }
sdist = { url = "https://files.pythonhosted.org/packages/3e/7a/30c581aeaa86d94e7a29344bccefd2408870bf5b0e7640b6f4ffede61bd0/fonttools-4.58.1.tar.gz", hash = "sha256:cbc8868e0a29c3e22628dfa1432adf7a104d86d1bc661cecc3e9173070b6ab2d", size = 3519505, upload-time = "2025-05-28T15:29:26.219Z" }
wheels = [
    { url = "https://files.pythonhosted.org/packages/0a/b6/eaa8b2f38ad5339bc51ff75bf6a9c29e4b619453d8378ae9a374535e954d/fonttools-4.58.1-cp39-cp39-macosx_10_9_universal2.whl", hash = "sha256:927762f9fe39ea0a4d9116353251f409389a6b58fab58717d3c3377acfc23452", size = 2740399, upload-time = "2025-05-28T15:29:07.124Z" },
    { url = "https://files.pythonhosted.org/packages/94/a1/6b56d0a5e20be9586c7669189cdcfcabced90bf676030f46397162d56926/fonttools-4.58.1-cp39-cp39-macosx_10_9_x86_64.whl", hash = "sha256:761ac80efcb7333c71760458c23f728d6fe2dff253b649faf52471fd7aebe584", size = 2309460, upload-time = "2025-05-28T15:29:08.928Z" },
    { url = "https://files.pythonhosted.org/packages/23/3c/bebd50b085d78d64ee518fb9c95fd08b90f9b715ca08c0b43fd53a963560/fonttools-4.58.1-cp39-cp39-manylinux_2_17_aarch64.manylinux2014_aarch64.whl", hash = "sha256:deef910226f788a4e72aa0fc1c1657fb43fa62a4200b883edffdb1392b03fe86", size = 4701742, upload-time = "2025-05-28T15:29:11.103Z" },
    { url = "https://files.pythonhosted.org/packages/89/4a/dbc6f9efac98718feba2735ceb72237e8965a4878529c0af6d33f32e7403/fonttools-4.58.1-cp39-cp39-manylinux_2_17_x86_64.manylinux2014_x86_64.whl", hash = "sha256:7ff2859ca2319454df8c26af6693269b21f2e9c0e46df126be916a4f6d85fc75", size = 4730821, upload-time = "2025-05-28T15:29:13.405Z" },
    { url = "https://files.pythonhosted.org/packages/63/ed/1a64f06747d05a8bb4d6b2bf7de59e960533d5303f254cf366cc4d827e7d/fonttools-4.58.1-cp39-cp39-musllinux_1_2_aarch64.whl", hash = "sha256:418927e888e1bcc976b4e190a562f110dc27b0b5cac18033286f805dc137fc66", size = 4787238, upload-time = "2025-05-28T15:29:15.593Z" },
    { url = "https://files.pythonhosted.org/packages/86/82/ecb3e23507cca2548902cb1f1c09c7d919b9ad1bf83e464fd2c7c924adf6/fonttools-4.58.1-cp39-cp39-musllinux_1_2_x86_64.whl", hash = "sha256:a907007a8b341e8e129d3994d34d1cc85bc8bf38b3a0be65eb14e4668f634a21", size = 4895738, upload-time = "2025-05-28T15:29:18.022Z" },
    { url = "https://files.pythonhosted.org/packages/dc/44/73c560fbcdee65ffcf2dc9069afc21d5afab1cbdf318284d56649e937b30/fonttools-4.58.1-cp39-cp39-win32.whl", hash = "sha256:455cb6adc9f3419273925fadc51a6207046e147ce503797b29895ba6bdf85762", size = 1468967, upload-time = "2025-05-28T15:29:20.106Z" },
    { url = "https://files.pythonhosted.org/packages/70/fe/df31c80575567b7239d225760a820b3abfe307e2830a9119bd4a6eb6bb8f/fonttools-4.58.1-cp39-cp39-win_amd64.whl", hash = "sha256:2e64931258866df187bd597b4e9fff488f059a0bc230fbae434f0f112de3ce46", size = 1513516, upload-time = "2025-05-28T15:29:22.294Z" },
    { url = "https://files.pythonhosted.org/packages/21/ff/995277586691c0cc314c28b24b4ec30610440fd7bf580072aed1409f95b0/fonttools-4.58.1-py3-none-any.whl", hash = "sha256:db88365d0962cd6f5bce54b190a4669aeed9c9941aa7bd60a5af084d8d9173d6", size = 1113429, upload-time = "2025-05-28T15:29:24.185Z" },
]

[[package]]
name = "importlib-resources"
version = "6.5.2"
source = { registry = "https://pypi.org/simple" }
dependencies = [
    { name = "zipp" },
]
sdist = { url = "https://files.pythonhosted.org/packages/cf/8c/f834fbf984f691b4f7ff60f50b514cc3de5cc08abfc3295564dd89c5e2e7/importlib_resources-6.5.2.tar.gz", hash = "sha256:185f87adef5bcc288449d98fb4fba07cea78bc036455dd44c5fc4a2fe78fed2c", size = 44693, upload-time = "2025-01-03T18:51:56.698Z" }
wheels = [
    { url = "https://files.pythonhosted.org/packages/a4/ed/1f1afb2e9e7f38a545d628f864d562a5ae64fe6f7a10e28ffb9b185b4e89/importlib_resources-6.5.2-py3-none-any.whl", hash = "sha256:789cfdc3ed28c78b67a06acb8126751ced69a3d5f79c095a98298cd8a760ccec", size = 37461, upload-time = "2025-01-03T18:51:54.306Z" },
]

[[package]]
name = "iniconfig"
version = "2.1.0"
source = { registry = "https://pypi.org/simple" }
sdist = { url = "https://files.pythonhosted.org/packages/f2/97/ebf4da567aa6827c909642694d71c9fcf53e5b504f2d96afea02718862f3/iniconfig-2.1.0.tar.gz", hash = "sha256:3abbd2e30b36733fee78f9c7f7308f2d0050e88f0087fd25c2645f63c773e1c7", size = 4793, upload-time = "2025-03-19T20:09:59.721Z" }
wheels = [
    { url = "https://files.pythonhosted.org/packages/2c/e1/e6716421ea10d38022b952c159d5161ca1193197fb744506875fbb87ea7b/iniconfig-2.1.0-py3-none-any.whl", hash = "sha256:9deba5723312380e77435581c6bf4935c94cbfab9b1ed33ef8d238ea168eb760", size = 6050, upload-time = "2025-03-19T20:10:01.071Z" },
]

[[package]]
name = "kiwisolver"
version = "1.4.7"
source = { registry = "https://pypi.org/simple" }
sdist = { url = "https://files.pythonhosted.org/packages/85/4d/2255e1c76304cbd60b48cee302b66d1dde4468dc5b1160e4b7cb43778f2a/kiwisolver-1.4.7.tar.gz", hash = "sha256:9893ff81bd7107f7b685d3017cc6583daadb4fc26e4a888350df530e41980a60", size = 97286, upload-time = "2024-09-04T09:39:44.302Z" }
wheels = [
    { url = "https://files.pythonhosted.org/packages/11/88/37ea0ea64512997b13d69772db8dcdc3bfca5442cda3a5e4bb943652ee3e/kiwisolver-1.4.7-cp39-cp39-macosx_10_9_universal2.whl", hash = "sha256:3f9362ecfca44c863569d3d3c033dbe8ba452ff8eed6f6b5806382741a1334bd", size = 122449, upload-time = "2024-09-04T09:05:55.311Z" },
    { url = "https://files.pythonhosted.org/packages/4e/45/5a5c46078362cb3882dcacad687c503089263c017ca1241e0483857791eb/kiwisolver-1.4.7-cp39-cp39-macosx_10_9_x86_64.whl", hash = "sha256:e8df2eb9b2bac43ef8b082e06f750350fbbaf2887534a5be97f6cf07b19d9583", size = 65757, upload-time = "2024-09-04T09:05:56.906Z" },
    { url = "https://files.pythonhosted.org/packages/8a/be/a6ae58978772f685d48dd2e84460937761c53c4bbd84e42b0336473d9775/kiwisolver-1.4.7-cp39-cp39-macosx_11_0_arm64.whl", hash = "sha256:f32d6edbc638cde7652bd690c3e728b25332acbadd7cad670cc4a02558d9c417", size = 64312, upload-time = "2024-09-04T09:05:58.384Z" },
    { url = "https://files.pythonhosted.org/packages/f4/04/18ef6f452d311e1e1eb180c9bf5589187fa1f042db877e6fe443ef10099c/kiwisolver-1.4.7-cp39-cp39-manylinux_2_12_i686.manylinux2010_i686.whl", hash = "sha256:e2e6c39bd7b9372b0be21456caab138e8e69cc0fc1190a9dfa92bd45a1e6e904", size = 1626966, upload-time = "2024-09-04T09:05:59.855Z" },
    { url = "https://files.pythonhosted.org/packages/21/b1/40655f6c3fa11ce740e8a964fa8e4c0479c87d6a7944b95af799c7a55dfe/kiwisolver-1.4.7-cp39-cp39-manylinux_2_12_x86_64.manylinux2010_x86_64.whl", hash = "sha256:dda56c24d869b1193fcc763f1284b9126550eaf84b88bbc7256e15028f19188a", size = 1607044, upload-time = "2024-09-04T09:06:02.16Z" },
    { url = "https://files.pythonhosted.org/packages/fd/93/af67dbcfb9b3323bbd2c2db1385a7139d8f77630e4a37bb945b57188eb2d/kiwisolver-1.4.7-cp39-cp39-manylinux_2_17_aarch64.manylinux2014_aarch64.whl", hash = "sha256:79849239c39b5e1fd906556c474d9b0439ea6792b637511f3fe3a41158d89ca8", size = 1391879, upload-time = "2024-09-04T09:06:03.908Z" },
    { url = "https://files.pythonhosted.org/packages/40/6f/d60770ef98e77b365d96061d090c0cd9e23418121c55fff188fa4bdf0b54/kiwisolver-1.4.7-cp39-cp39-manylinux_2_17_ppc64le.manylinux2014_ppc64le.whl", hash = "sha256:5e3bc157fed2a4c02ec468de4ecd12a6e22818d4f09cde2c31ee3226ffbefab2", size = 1504751, upload-time = "2024-09-04T09:06:05.58Z" },
    { url = "https://files.pythonhosted.org/packages/fa/3a/5f38667d313e983c432f3fcd86932177519ed8790c724e07d77d1de0188a/kiwisolver-1.4.7-cp39-cp39-manylinux_2_17_s390x.manylinux2014_s390x.whl", hash = "sha256:3da53da805b71e41053dc670f9a820d1157aae77b6b944e08024d17bcd51ef88", size = 1436990, upload-time = "2024-09-04T09:06:08.126Z" },
    { url = "https://files.pythonhosted.org/packages/cb/3b/1520301a47326e6a6043b502647e42892be33b3f051e9791cc8bb43f1a32/kiwisolver-1.4.7-cp39-cp39-musllinux_1_2_aarch64.whl", hash = "sha256:8705f17dfeb43139a692298cb6637ee2e59c0194538153e83e9ee0c75c2eddde", size = 2191122, upload-time = "2024-09-04T09:06:10.345Z" },
    { url = "https://files.pythonhosted.org/packages/cf/c4/eb52da300c166239a2233f1f9c4a1b767dfab98fae27681bfb7ea4873cb6/kiwisolver-1.4.7-cp39-cp39-musllinux_1_2_i686.whl", hash = "sha256:82a5c2f4b87c26bb1a0ef3d16b5c4753434633b83d365cc0ddf2770c93829e3c", size = 2338126, upload-time = "2024-09-04T09:06:12.321Z" },
    { url = "https://files.pythonhosted.org/packages/1a/cb/42b92fd5eadd708dd9107c089e817945500685f3437ce1fd387efebc6d6e/kiwisolver-1.4.7-cp39-cp39-musllinux_1_2_ppc64le.whl", hash = "sha256:ce8be0466f4c0d585cdb6c1e2ed07232221df101a4c6f28821d2aa754ca2d9e2", size = 2298313, upload-time = "2024-09-04T09:06:14.562Z" },
    { url = "https://files.pythonhosted.org/packages/4f/eb/be25aa791fe5fc75a8b1e0c965e00f942496bc04635c9aae8035f6b76dcd/kiwisolver-1.4.7-cp39-cp39-musllinux_1_2_s390x.whl", hash = "sha256:409afdfe1e2e90e6ee7fc896f3df9a7fec8e793e58bfa0d052c8a82f99c37abb", size = 2437784, upload-time = "2024-09-04T09:06:16.767Z" },
    { url = "https://files.pythonhosted.org/packages/c5/22/30a66be7f3368d76ff95689e1c2e28d382383952964ab15330a15d8bfd03/kiwisolver-1.4.7-cp39-cp39-musllinux_1_2_x86_64.whl", hash = "sha256:5b9c3f4ee0b9a439d2415012bd1b1cc2df59e4d6a9939f4d669241d30b414327", size = 2253988, upload-time = "2024-09-04T09:06:18.705Z" },
    { url = "https://files.pythonhosted.org/packages/35/d3/5f2ecb94b5211c8a04f218a76133cc8d6d153b0f9cd0b45fad79907f0689/kiwisolver-1.4.7-cp39-cp39-win32.whl", hash = "sha256:a79ae34384df2b615eefca647a2873842ac3b596418032bef9a7283675962644", size = 46980, upload-time = "2024-09-04T09:06:20.106Z" },
    { url = "https://files.pythonhosted.org/packages/ef/17/cd10d020578764ea91740204edc6b3236ed8106228a46f568d716b11feb2/kiwisolver-1.4.7-cp39-cp39-win_amd64.whl", hash = "sha256:cf0438b42121a66a3a667de17e779330fc0f20b0d97d59d2f2121e182b0505e4", size = 55847, upload-time = "2024-09-04T09:06:21.407Z" },
    { url = "https://files.pythonhosted.org/packages/91/84/32232502020bd78d1d12be7afde15811c64a95ed1f606c10456db4e4c3ac/kiwisolver-1.4.7-cp39-cp39-win_arm64.whl", hash = "sha256:764202cc7e70f767dab49e8df52c7455e8de0df5d858fa801a11aa0d882ccf3f", size = 48494, upload-time = "2024-09-04T09:06:22.648Z" },
    { url = "https://files.pythonhosted.org/packages/d5/df/ce37d9b26f07ab90880923c94d12a6ff4d27447096b4c849bfc4339ccfdf/kiwisolver-1.4.7-pp39-pypy39_pp73-macosx_10_15_x86_64.whl", hash = "sha256:8b01aac285f91ca889c800042c35ad3b239e704b150cfd3382adfc9dcc780e39", size = 58666, upload-time = "2024-09-04T09:06:43.756Z" },
    { url = "https://files.pythonhosted.org/packages/b0/d3/e4b04f43bc629ac8e186b77b2b1a251cdfa5b7610fa189dc0db622672ce6/kiwisolver-1.4.7-pp39-pypy39_pp73-macosx_11_0_arm64.whl", hash = "sha256:48be928f59a1f5c8207154f935334d374e79f2b5d212826307d072595ad76a2e", size = 57088, upload-time = "2024-09-04T09:06:45.406Z" },
    { url = "https://files.pythonhosted.org/packages/30/1c/752df58e2d339e670a535514d2db4fe8c842ce459776b8080fbe08ebb98e/kiwisolver-1.4.7-pp39-pypy39_pp73-manylinux_2_12_i686.manylinux2010_i686.manylinux_2_17_i686.manylinux2014_i686.whl", hash = "sha256:f37cfe618a117e50d8c240555331160d73d0411422b59b5ee217843d7b693608", size = 84321, upload-time = "2024-09-04T09:06:47.557Z" },
    { url = "https://files.pythonhosted.org/packages/f0/f8/fe6484e847bc6e238ec9f9828089fb2c0bb53f2f5f3a79351fde5b565e4f/kiwisolver-1.4.7-pp39-pypy39_pp73-manylinux_2_17_aarch64.manylinux2014_aarch64.whl", hash = "sha256:599b5c873c63a1f6ed7eead644a8a380cfbdf5db91dcb6f85707aaab213b1674", size = 80776, upload-time = "2024-09-04T09:06:49.235Z" },
    { url = "https://files.pythonhosted.org/packages/9b/57/d7163c0379f250ef763aba85330a19feefb5ce6cb541ade853aaba881524/kiwisolver-1.4.7-pp39-pypy39_pp73-manylinux_2_17_x86_64.manylinux2014_x86_64.whl", hash = "sha256:801fa7802e5cfabe3ab0c81a34c323a319b097dfb5004be950482d882f3d7225", size = 79984, upload-time = "2024-09-04T09:06:51.336Z" },
    { url = "https://files.pythonhosted.org/packages/8c/95/4a103776c265d13b3d2cd24fb0494d4e04ea435a8ef97e1b2c026d43250b/kiwisolver-1.4.7-pp39-pypy39_pp73-win_amd64.whl", hash = "sha256:0c6c43471bc764fad4bc99c5c2d6d16a676b1abf844ca7c8702bdae92df01ee0", size = 55811, upload-time = "2024-09-04T09:06:53.078Z" },
]

[[package]]
name = "matplotlib"
version = "3.7.1"
source = { registry = "https://pypi.org/simple" }
dependencies = [
    { name = "contourpy" },
    { name = "cycler" },
    { name = "fonttools" },
    { name = "importlib-resources" },
    { name = "kiwisolver" },
    { name = "numpy" },
    { name = "packaging" },
    { name = "pillow" },
    { name = "pyparsing" },
    { name = "python-dateutil" },
]
sdist = { url = "https://files.pythonhosted.org/packages/b7/65/d6e00376dbdb6c227d79a2d6ec32f66cfb163f0cd924090e3133a4f85a11/matplotlib-3.7.1.tar.gz", hash = "sha256:7b73305f25eab4541bd7ee0b96d87e53ae9c9f1823be5659b806cd85786fe882", size = 38003777, upload-time = "2023-03-04T07:27:34.605Z" }
wheels = [
    { url = "https://files.pythonhosted.org/packages/80/c0/1d29eafc057e516ffc1ba07da2054926f219c44ad4ea5df57ff97825182c/matplotlib-3.7.1-cp39-cp39-macosx_10_12_universal2.whl", hash = "sha256:81a6b377ea444336538638d31fdb39af6be1a043ca5e343fe18d0f17e098770b", size = 8312837, upload-time = "2023-03-04T07:28:52.335Z" },
    { url = "https://files.pythonhosted.org/packages/6c/70/5f8b981680fc0bdb85f0dd00174e41f98d4cdb641921295822c8e14272fe/matplotlib-3.7.1-cp39-cp39-macosx_10_12_x86_64.whl", hash = "sha256:28506a03bd7f3fe59cd3cd4ceb2a8d8a2b1db41afede01f66c42561b9be7b4b7", size = 7428406, upload-time = "2023-03-04T07:28:55.28Z" },
    { url = "https://files.pythonhosted.org/packages/e8/5a/2661b38ebd4b1d58f335be7e8150af0a7eb94d13bf7a6563e7c49ed40c4d/matplotlib-3.7.1-cp39-cp39-macosx_11_0_arm64.whl", hash = "sha256:8c587963b85ce41e0a8af53b9b2de8dddbf5ece4c34553f7bd9d066148dc719c", size = 7331874, upload-time = "2023-03-04T07:28:57.411Z" },
    { url = "https://files.pythonhosted.org/packages/4d/71/a0d28c6123773075f056ff2ce7b2a16a19a4ff2982f0de0f285c9866c420/matplotlib-3.7.1-cp39-cp39-manylinux_2_17_aarch64.manylinux2014_aarch64.whl", hash = "sha256:8bf26ade3ff0f27668989d98c8435ce9327d24cffb7f07d24ef609e33d582439", size = 11344236, upload-time = "2023-03-04T07:28:59.959Z" },
    { url = "https://files.pythonhosted.org/packages/bd/5d/a9083be15f9bed89c1c5897473eae6dd1bab4acbcfb82fdae417149674d0/matplotlib-3.7.1-cp39-cp39-manylinux_2_17_i686.manylinux2014_i686.whl", hash = "sha256:def58098f96a05f90af7e92fd127d21a287068202aa43b2a93476170ebd99e87", size = 11447202, upload-time = "2023-03-04T07:29:03.149Z" },
    { url = "https://files.pythonhosted.org/packages/9f/77/0cd22f92f7103383cb1ce3b3efc77411b9cc3a495242c8f2a623b498f586/matplotlib-3.7.1-cp39-cp39-manylinux_2_17_x86_64.manylinux2014_x86_64.whl", hash = "sha256:f883a22a56a84dba3b588696a2b8a1ab0d2c3d41be53264115c71b0a942d8fdb", size = 11567921, upload-time = "2023-03-04T07:29:06.381Z" },
    { url = "https://files.pythonhosted.org/packages/81/f7/1c9145e24195723da3cb668637b98b6016be4692b335ba543058a7297c9e/matplotlib-3.7.1-cp39-cp39-win32.whl", hash = "sha256:4f99e1b234c30c1e9714610eb0c6d2f11809c9c78c984a613ae539ea2ad2eb4b", size = 7334613, upload-time = "2023-03-04T07:29:09.179Z" },
    { url = "https://files.pythonhosted.org/packages/05/92/8a7449693adc4480a4777b407b44d21c0c6e3d2ace3250091fe1a89bc825/matplotlib-3.7.1-cp39-cp39-win_amd64.whl", hash = "sha256:3ba2af245e36990facf67fde840a760128ddd71210b2ab6406e640188d69d136", size = 7628491, upload-time = "2023-03-04T07:29:11.289Z" },
    { url = "https://files.pythonhosted.org/packages/10/94/36527e47d0719e7ae3649cc290a4d0b5faeac3453867cdf633f4b2480d87/matplotlib-3.7.1-pp39-pypy39_pp73-macosx_10_12_x86_64.whl", hash = "sha256:438196cdf5dc8d39b50a45cb6e3f6274edbcf2254f85fa9b895bf85851c3a613", size = 7387398, upload-time = "2023-03-04T07:29:23.891Z" },
    { url = "https://files.pythonhosted.org/packages/91/ae/410dca50b2b0b4d48bfaa41a20d7344078ac63a7178d3b5716b1014c90b9/matplotlib-3.7.1-pp39-pypy39_pp73-manylinux_2_17_i686.manylinux2014_i686.whl", hash = "sha256:21e9cff1a58d42e74d01153360de92b326708fb205250150018a52c70f43c290", size = 7546550, upload-time = "2023-03-04T07:29:25.942Z" },
    { url = "https://files.pythonhosted.org/packages/cf/2c/41b330eeb47806abc19c1a4ab22821cb5a2be2cabe34c37f0d8483ae0e26/matplotlib-3.7.1-pp39-pypy39_pp73-manylinux_2_17_x86_64.manylinux2014_x86_64.whl", hash = "sha256:75d4725d70b7c03e082bbb8a34639ede17f333d7247f56caceb3801cb6ff703d", size = 7506611, upload-time = "2023-03-04T07:29:28.606Z" },
    { url = "https://files.pythonhosted.org/packages/83/3e/08d551274d660cd38af04b14366725c195f18ad0bd359e192ecf3ec2f2bb/matplotlib-3.7.1-pp39-pypy39_pp73-win_amd64.whl", hash = "sha256:97cc368a7268141afb5690760921765ed34867ffb9655dd325ed207af85c7529", size = 7642924, upload-time = "2023-03-04T07:29:30.791Z" },
]

[[package]]
name = "numpy"
version = "1.25.0"
source = { registry = "https://pypi.org/simple" }
sdist = { url = "https://files.pythonhosted.org/packages/d0/b2/fe774844d1857804cc884bba67bec38f649c99d0dc1ee7cbbf1da601357c/numpy-1.25.0.tar.gz", hash = "sha256:f1accae9a28dc3cda46a91de86acf69de0d1b5f4edd44a9b0c3ceb8036dfff19", size = 10426700, upload-time = "2023-06-17T14:58:46.772Z" }
wheels = [
    { url = "https://files.pythonhosted.org/packages/f4/73/08500367cf69634970c87d11bcc82dc0daf4d9554a3e5d4a3750f26c25b7/numpy-1.25.0-cp39-cp39-macosx_10_9_x86_64.whl", hash = "sha256:b792164e539d99d93e4e5e09ae10f8cbe5466de7d759fc155e075237e0c274e4", size = 20087986, upload-time = "2023-06-17T14:45:12.245Z" },
    { url = "https://files.pythonhosted.org/packages/d0/62/7c85c27e4277b142a91023bfb69ba27f1783777d31f5e920b314e1a92f69/numpy-1.25.0-cp39-cp39-macosx_11_0_arm64.whl", hash = "sha256:7cd981ccc0afe49b9883f14761bb57c964df71124dcd155b0cba2b591f0d64b9", size = 13990971, upload-time = "2023-06-17T14:45:38.176Z" },
    { url = "https://files.pythonhosted.org/packages/d2/b0/ce6c0056f057e681b0b9f78900e122715389f865047c25fc2f37bfe2f8fe/numpy-1.25.0-cp39-cp39-manylinux_2_17_aarch64.manylinux2014_aarch64.whl", hash = "sha256:5aa48bebfb41f93043a796128854b84407d4df730d3fb6e5dc36402f5cd594c0", size = 14171380, upload-time = "2023-06-17T14:46:02.073Z" },
    { url = "https://files.pythonhosted.org/packages/68/44/1ff079e62f44fc6d17aea45ec6a7008c033c9a59972644c320c4fda95a49/numpy-1.25.0-cp39-cp39-manylinux_2_17_x86_64.manylinux2014_x86_64.whl", hash = "sha256:5177310ac2e63d6603f659fadc1e7bab33dd5a8db4e0596df34214eeab0fee3b", size = 17657037, upload-time = "2023-06-17T14:46:33.971Z" },
    { url = "https://files.pythonhosted.org/packages/8e/de/a6cddb5b3b2ffd03bc0061dcb7c0edeaff2d10460eed8e0e9a57341ce455/numpy-1.25.0-cp39-cp39-musllinux_1_1_x86_64.whl", hash = "sha256:0ac6edfb35d2a99aaf102b509c8e9319c499ebd4978df4971b94419a116d0790", size = 17482524, upload-time = "2023-06-17T14:47:04.723Z" },
    { url = "https://files.pythonhosted.org/packages/52/68/ce0a665654fbc26a00ba9dfbd98a6f749246576bbc826710676ca9f67a1c/numpy-1.25.0-cp39-cp39-win32.whl", hash = "sha256:7412125b4f18aeddca2ecd7219ea2d2708f697943e6f624be41aa5f8a9852cc4", size = 12636181, upload-time = "2023-06-17T14:47:25.801Z" },
    { url = "https://files.pythonhosted.org/packages/50/4b/2246882e9c89e8da081296bef4539ab1d44bf97f757931ddaf5f7d0a3b58/numpy-1.25.0-cp39-cp39-win_amd64.whl", hash = "sha256:26815c6c8498dc49d81faa76d61078c4f9f0859ce7817919021b9eba72b425e3", size = 15061375, upload-time = "2023-06-17T14:47:50.416Z" },
    { url = "https://files.pythonhosted.org/packages/e3/51/524ba2b98e083b59dc287011adc6829778c496998aa329715a6a13ae4735/numpy-1.25.0-pp39-pypy39_pp73-macosx_10_9_x86_64.whl", hash = "sha256:5b1b90860bf7d8a8c313b372d4f27343a54f415b20fb69dd601b7efe1029c91e", size = 19409896, upload-time = "2023-06-17T14:48:20.613Z" },
    { url = "https://files.pythonhosted.org/packages/75/74/7eec4db7eea3796fe6f47bc358c24447fc66a080ac2fd35cbe4a3cd8d17b/numpy-1.25.0-pp39-pypy39_pp73-manylinux_2_17_x86_64.manylinux2014_x86_64.whl", hash = "sha256:85cdae87d8c136fd4da4dad1e48064d700f63e923d5af6c8c782ac0df8044542", size = 17011428, upload-time = "2023-06-17T14:48:50.045Z" },
    { url = "https://files.pythonhosted.org/packages/76/72/d9e66a7bef82261aff26c71b8ac8b13fa2ffa965e046be958f949ca3388f/numpy-1.25.0-pp39-pypy39_pp73-win_amd64.whl", hash = "sha256:cc3fda2b36482891db1060f00f881c77f9423eead4c3579629940a3e12095fe8", size = 14922176, upload-time = "2023-06-17T14:49:15.68Z" },
]

[[package]]
name = "packaging"
version = "25.0"
source = { registry = "https://pypi.org/simple" }
sdist = { url = "https://files.pythonhosted.org/packages/a1/d4/1fc4078c65507b51b96ca8f8c3ba19e6a61c8253c72794544580a7b6c24d/packaging-25.0.tar.gz", hash = "sha256:d443872c98d677bf60f6a1f2f8c1cb748e8fe762d2bf9d3148b5599295b0fc4f", size = 165727, upload-time = "2025-04-19T11:48:59.673Z" }
wheels = [
    { url = "https://files.pythonhosted.org/packages/20/12/38679034af332785aac8774540895e234f4d07f7545804097de4b666afd8/packaging-25.0-py3-none-any.whl", hash = "sha256:29572ef2b1f17581046b3a2227d5c611fb25ec70ca1ba8554b24b0e69331a484", size = 66469, upload-time = "2025-04-19T11:48:57.875Z" },
]

[[package]]
name = "pandas"
version = "1.5.3"
source = { registry = "https://pypi.org/simple" }
dependencies = [
    { name = "numpy" },
    { name = "python-dateutil" },
    { name = "pytz" },
]
sdist = { url = "https://files.pythonhosted.org/packages/74/ee/146cab1ff6d575b54ace8a6a5994048380dc94879b0125b25e62edcb9e52/pandas-1.5.3.tar.gz", hash = "sha256:74a3fd7e5a7ec052f183273dc7b0acd3a863edf7520f5d3a1765c04ffdb3b0b1", size = 5203060, upload-time = "2023-01-19T08:31:39.615Z" }
wheels = [
    { url = "https://files.pythonhosted.org/packages/90/19/1a92d73cda1233326e787a4c14362a1fcce4c7d9f28316fd769308aefb99/pandas-1.5.3-cp39-cp39-macosx_10_9_universal2.whl", hash = "sha256:c74a62747864ed568f5a82a49a23a8d7fe171d0c69038b38cedf0976831296fa", size = 18722090, upload-time = "2023-01-19T08:31:03.457Z" },
    { url = "https://files.pythonhosted.org/packages/02/4a/8e2513db9d15929b833147f975d8424dc6a3e18100ead10aab78756a1aad/pandas-1.5.3-cp39-cp39-macosx_10_9_x86_64.whl", hash = "sha256:c4c00e0b0597c8e4f59e8d461f797e5d70b4d025880516a8261b2817c47759ee", size = 12049642, upload-time = "2023-01-19T08:31:09.324Z" },
    { url = "https://files.pythonhosted.org/packages/a7/2b/c71df8794e8e75ba1ec9da1c1a2efc946590aa79a05148a4138405ef5f72/pandas-1.5.3-cp39-cp39-macosx_11_0_arm64.whl", hash = "sha256:a50d9a4336a9621cab7b8eb3fb11adb82de58f9b91d84c2cd526576b881a0c5a", size = 10962439, upload-time = "2023-01-19T08:31:14.872Z" },
    { url = "https://files.pythonhosted.org/packages/7d/d6/92be61dca3880c7cec99a9b4acf6260b3dc00519673fdb3e6666ac6096ce/pandas-1.5.3-cp39-cp39-manylinux_2_17_aarch64.manylinux2014_aarch64.whl", hash = "sha256:dd05f7783b3274aa206a1af06f0ceed3f9b412cf665b7247eacd83be41cf7bf0", size = 11471277, upload-time = "2023-01-19T08:31:19.706Z" },
    { url = "https://files.pythonhosted.org/packages/e1/4d/3eb96e53a9208350ee21615f850c4be9a246d32bf1d34cd36682cb58c3b7/pandas-1.5.3-cp39-cp39-manylinux_2_17_x86_64.manylinux2014_x86_64.whl", hash = "sha256:9f69c4029613de47816b1bb30ff5ac778686688751a5e9c99ad8c7031f6508e5", size = 12169732, upload-time = "2023-01-19T08:31:24.806Z" },
    { url = "https://files.pythonhosted.org/packages/94/85/89f6547642b28fbd874504a6f548d6be4d88981837a23ab18d76cb773bea/pandas-1.5.3-cp39-cp39-win32.whl", hash = "sha256:7cec0bee9f294e5de5bbfc14d0573f65526071029d036b753ee6507d2a21480a", size = 9730624, upload-time = "2023-01-19T08:31:30.409Z" },
    { url = "https://files.pythonhosted.org/packages/c2/45/801ecd8434eef0b39cc02795ffae273fe3df3cfcb3f6fff215efbe92d93c/pandas-1.5.3-cp39-cp39-win_amd64.whl", hash = "sha256:dfd681c5dc216037e0b0a2c821f5ed99ba9f03ebcf119c7dac0e9a7b960b9ec9", size = 10932203, upload-time = "2023-01-19T08:31:35.717Z" },
]

[[package]]
name = "pillow"
version = "11.2.1"
source = { registry = "https://pypi.org/simple" }
sdist = { url = "https://files.pythonhosted.org/packages/af/cb/bb5c01fcd2a69335b86c22142b2bccfc3464087efb7fd382eee5ffc7fdf7/pillow-11.2.1.tar.gz", hash = "sha256:a64dd61998416367b7ef979b73d3a85853ba9bec4c2925f74e588879a58716b6", size = 47026707, upload-time = "2025-04-12T17:50:03.289Z" }
wheels = [
    { url = "https://files.pythonhosted.org/packages/21/3a/c1835d1c7cf83559e95b4f4ed07ab0bb7acc689712adfce406b3f456e9fd/pillow-11.2.1-cp39-cp39-macosx_10_10_x86_64.whl", hash = "sha256:7491cf8a79b8eb867d419648fff2f83cb0b3891c8b36da92cc7f1931d46108c8", size = 3198391, upload-time = "2025-04-12T17:49:10.122Z" },
    { url = "https://files.pythonhosted.org/packages/b6/4d/dcb7a9af3fc1e8653267c38ed622605d9d1793349274b3ef7af06457e257/pillow-11.2.1-cp39-cp39-macosx_11_0_arm64.whl", hash = "sha256:8b02d8f9cb83c52578a0b4beadba92e37d83a4ef11570a8688bbf43f4ca50909", size = 3030573, upload-time = "2025-04-12T17:49:11.938Z" },
    { url = "https://files.pythonhosted.org/packages/9d/29/530ca098c1a1eb31d4e163d317d0e24e6d2ead907991c69ca5b663de1bc5/pillow-11.2.1-cp39-cp39-manylinux_2_17_aarch64.manylinux2014_aarch64.whl", hash = "sha256:014ca0050c85003620526b0ac1ac53f56fc93af128f7546623cc8e31875ab928", size = 4398677, upload-time = "2025-04-12T17:49:13.861Z" },
    { url = "https://files.pythonhosted.org/packages/8b/ee/0e5e51db34de1690264e5f30dcd25328c540aa11d50a3bc0b540e2a445b6/pillow-11.2.1-cp39-cp39-manylinux_2_17_x86_64.manylinux2014_x86_64.whl", hash = "sha256:3692b68c87096ac6308296d96354eddd25f98740c9d2ab54e1549d6c8aea9d79", size = 4484986, upload-time = "2025-04-12T17:49:15.948Z" },
    { url = "https://files.pythonhosted.org/packages/93/7d/bc723b41ce3d2c28532c47678ec988974f731b5c6fadd5b3a4fba9015e4f/pillow-11.2.1-cp39-cp39-manylinux_2_28_aarch64.whl", hash = "sha256:f781dcb0bc9929adc77bad571b8621ecb1e4cdef86e940fe2e5b5ee24fd33b35", size = 4501897, upload-time = "2025-04-12T17:49:17.839Z" },
    { url = "https://files.pythonhosted.org/packages/be/0b/532e31abc7389617ddff12551af625a9b03cd61d2989fa595e43c470ec67/pillow-11.2.1-cp39-cp39-manylinux_2_28_x86_64.whl", hash = "sha256:2b490402c96f907a166615e9a5afacf2519e28295f157ec3a2bb9bd57de638cb", size = 4592618, upload-time = "2025-04-12T17:49:19.7Z" },
    { url = "https://files.pythonhosted.org/packages/4c/f0/21ed6499a6216fef753e2e2254a19d08bff3747108ba042422383f3e9faa/pillow-11.2.1-cp39-cp39-musllinux_1_2_aarch64.whl", hash = "sha256:dd6b20b93b3ccc9c1b597999209e4bc5cf2853f9ee66e3fc9a400a78733ffc9a", size = 4570493, upload-time = "2025-04-12T17:49:21.703Z" },
    { url = "https://files.pythonhosted.org/packages/68/de/17004ddb8ab855573fe1127ab0168d11378cdfe4a7ee2a792a70ff2e9ba7/pillow-11.2.1-cp39-cp39-musllinux_1_2_x86_64.whl", hash = "sha256:4b835d89c08a6c2ee7781b8dd0a30209a8012b5f09c0a665b65b0eb3560b6f36", size = 4647748, upload-time = "2025-04-12T17:49:23.579Z" },
    { url = "https://files.pythonhosted.org/packages/c7/23/82ecb486384bb3578115c509d4a00bb52f463ee700a5ca1be53da3c88c19/pillow-11.2.1-cp39-cp39-win32.whl", hash = "sha256:b10428b3416d4f9c61f94b494681280be7686bda15898a3a9e08eb66a6d92d67", size = 2331731, upload-time = "2025-04-12T17:49:25.58Z" },
    { url = "https://files.pythonhosted.org/packages/58/bb/87efd58b3689537a623d44dbb2550ef0bb5ff6a62769707a0fe8b1a7bdeb/pillow-11.2.1-cp39-cp39-win_amd64.whl", hash = "sha256:6ebce70c3f486acf7591a3d73431fa504a4e18a9b97ff27f5f47b7368e4b9dd1", size = 2676346, upload-time = "2025-04-12T17:49:27.342Z" },
    { url = "https://files.pythonhosted.org/packages/80/08/dc268475b22887b816e5dcfae31bce897f524b4646bab130c2142c9b2400/pillow-11.2.1-cp39-cp39-win_arm64.whl", hash = "sha256:c27476257b2fdcd7872d54cfd119b3a9ce4610fb85c8e32b70b42e3680a29a1e", size = 2414623, upload-time = "2025-04-12T17:49:29.139Z" },
]

[[package]]
name = "pluggy"
version = "1.6.0"
source = { registry = "https://pypi.org/simple" }
sdist = { url = "https://files.pythonhosted.org/packages/f9/e2/3e91f31a7d2b083fe6ef3fa267035b518369d9511ffab804f839851d2779/pluggy-1.6.0.tar.gz", hash = "sha256:7dcc130b76258d33b90f61b658791dede3486c3e6bfb003ee5c9bfb396dd22f3", size = 69412, upload-time = "2025-05-15T12:30:07.975Z" }
wheels = [
    { url = "https://files.pythonhosted.org/packages/54/20/4d324d65cc6d9205fabedc306948156824eb9f0ee1633355a8f7ec5c66bf/pluggy-1.6.0-py3-none-any.whl", hash = "sha256:e920276dd6813095e9377c0bc5566d94c932c33b27a3e3945d8389c374dd4746", size = 20538, upload-time = "2025-05-15T12:30:06.134Z" },
]

[[package]]
name = "pyparsing"
version = "3.2.3"
source = { registry = "https://pypi.org/simple" }
sdist = { url = "https://files.pythonhosted.org/packages/bb/22/f1129e69d94ffff626bdb5c835506b3a5b4f3d070f17ea295e12c2c6f60f/pyparsing-3.2.3.tar.gz", hash = "sha256:b9c13f1ab8b3b542f72e28f634bad4de758ab3ce4546e4301970ad6fa77c38be", size = 1088608, upload-time = "2025-03-25T05:01:28.114Z" }
wheels = [
    { url = "https://files.pythonhosted.org/packages/05/e7/df2285f3d08fee213f2d041540fa4fc9ca6c2d44cf36d3a035bf2a8d2bcc/pyparsing-3.2.3-py3-none-any.whl", hash = "sha256:a749938e02d6fd0b59b356ca504a24982314bb090c383e3cf201c95ef7e2bfcf", size = 111120, upload-time = "2025-03-25T05:01:24.908Z" },
]

[[package]]
name = "pytest"
version = "8.3.5"
source = { registry = "https://pypi.org/simple" }
dependencies = [
    { name = "colorama", marker = "sys_platform == 'win32'" },
    { name = "exceptiongroup" },
    { name = "iniconfig" },
    { name = "packaging" },
    { name = "pluggy" },
    { name = "tomli" },
]
sdist = { url = "https://files.pythonhosted.org/packages/ae/3c/c9d525a414d506893f0cd8a8d0de7706446213181570cdbd766691164e40/pytest-8.3.5.tar.gz", hash = "sha256:f4efe70cc14e511565ac476b57c279e12a855b11f48f212af1080ef2263d3845", size = 1450891, upload-time = "2025-03-02T12:54:54.503Z" }
wheels = [
    { url = "https://files.pythonhosted.org/packages/30/3d/64ad57c803f1fa1e963a7946b6e0fea4a70df53c1a7fed304586539c2bac/pytest-8.3.5-py3-none-any.whl", hash = "sha256:c69214aa47deac29fad6c2a4f590b9c4a9fdb16a403176fe154b79c0b4d4d820", size = 343634, upload-time = "2025-03-02T12:54:52.069Z" },
]

[[package]]
name = "python-dateutil"
version = "2.9.0.post0"
source = { registry = "https://pypi.org/simple" }
dependencies = [
    { name = "six" },
]
sdist = { url = "https://files.pythonhosted.org/packages/66/c0/0c8b6ad9f17a802ee498c46e004a0eb49bc148f2fd230864601a86dcf6db/python-dateutil-2.9.0.post0.tar.gz", hash = "sha256:37dd54208da7e1cd875388217d5e00ebd4179249f90fb72437e91a35459a0ad3", size = 342432, upload-time = "2024-03-01T18:36:20.211Z" }
wheels = [
    { url = "https://files.pythonhosted.org/packages/ec/57/56b9bcc3c9c6a792fcbaf139543cee77261f3651ca9da0c93f5c1221264b/python_dateutil-2.9.0.post0-py2.py3-none-any.whl", hash = "sha256:a8b2bc7bffae282281c8140a97d3aa9c14da0b136dfe83f850eea9a5f7470427", size = 229892, upload-time = "2024-03-01T18:36:18.57Z" },
]

[[package]]
name = "pytz"
version = "2025.2"
source = { registry = "https://pypi.org/simple" }
sdist = { url = "https://files.pythonhosted.org/packages/f8/bf/abbd3cdfb8fbc7fb3d4d38d320f2441b1e7cbe29be4f23797b4a2b5d8aac/pytz-2025.2.tar.gz", hash = "sha256:360b9e3dbb49a209c21ad61809c7fb453643e048b38924c765813546746e81c3", size = 320884, upload-time = "2025-03-25T02:25:00.538Z" }
wheels = [
    { url = "https://files.pythonhosted.org/packages/81/c4/34e93fe5f5429d7570ec1fa436f1986fb1f00c3e0f43a589fe2bbcd22c3f/pytz-2025.2-py2.py3-none-any.whl", hash = "sha256:5ddf76296dd8c44c26eb8f4b6f35488f3ccbf6fbbd7adee0b7262d43f0ec2f00", size = 509225, upload-time = "2025-03-25T02:24:58.468Z" },
]

[[package]]
name = "scipy"
version = "1.10.1"
source = { registry = "https://pypi.org/simple" }
dependencies = [
    { name = "numpy" },
]
sdist = { url = "https://files.pythonhosted.org/packages/84/a9/2bf119f3f9cff1f376f924e39cfae18dec92a1514784046d185731301281/scipy-1.10.1.tar.gz", hash = "sha256:2cf9dfb80a7b4589ba4c40ce7588986d6d5cebc5457cad2c2880f6bc2d42f3a5", size = 42407997, upload-time = "2023-02-19T21:20:13.395Z" }
wheels = [
    { url = "https://files.pythonhosted.org/packages/d9/7d/78b8035bc93c869b9f17261c87aae97a9cdb937f65f0d453c2831aa172fc/scipy-1.10.1-cp39-cp39-macosx_10_9_x86_64.whl", hash = "sha256:cd9f1027ff30d90618914a64ca9b1a77a431159df0e2a195d8a9e8a04c78abf9", size = 35158611, upload-time = "2023-02-19T20:56:02.715Z" },
    { url = "https://files.pythonhosted.org/packages/e7/f0/55d81813b1a4cb79ce7dc8290eac083bf38bfb36e1ada94ea13b7b1a5f79/scipy-1.10.1-cp39-cp39-macosx_12_0_arm64.whl", hash = "sha256:79c8e5a6c6ffaf3a2262ef1be1e108a035cf4f05c14df56057b64acc5bebffb6", size = 28902591, upload-time = "2023-02-19T20:56:45.728Z" },
    { url = "https://files.pythonhosted.org/packages/77/d1/722c457b319eed1d642e0a14c9be37eb475f0e6ed1f3401fa480d5d6d36e/scipy-1.10.1-cp39-cp39-manylinux_2_17_aarch64.manylinux2014_aarch64.whl", hash = "sha256:51af417a000d2dbe1ec6c372dfe688e041a7084da4fdd350aeb139bd3fb55353", size = 30960654, upload-time = "2023-02-19T20:57:32.091Z" },
    { url = "https://files.pythonhosted.org/packages/5d/30/b2a2a5bf1a3beefb7609fb871dcc6aef7217c69cef19a4631b7ab5622a8a/scipy-1.10.1-cp39-cp39-manylinux_2_17_x86_64.manylinux2014_x86_64.whl", hash = "sha256:1b4735d6c28aad3cdcf52117e0e91d6b39acd4272f3f5cd9907c24ee931ad601", size = 34458863, upload-time = "2023-02-19T20:58:23.601Z" },
    { url = "https://files.pythonhosted.org/packages/35/20/0ec6246bbb43d18650c9a7cad6602e1a84fd8f9564a9b84cc5faf1e037d0/scipy-1.10.1-cp39-cp39-win_amd64.whl", hash = "sha256:7ff7f37b1bf4417baca958d254e8e2875d0cc23aaadbe65b3d5b3077b0eb23ea", size = 42509516, upload-time = "2023-02-19T20:59:26.296Z" },
]

[[package]]
name = "seaborn"
version = "0.12.2"
source = { registry = "https://pypi.org/simple" }
dependencies = [
    { name = "matplotlib" },
    { name = "numpy" },
    { name = "pandas" },
]
sdist = { url = "https://files.pythonhosted.org/packages/8a/77/5cde8bc47df770486acf64f550839b4136d1696e5e4d57ce33fa1823972b/seaborn-0.12.2.tar.gz", hash = "sha256:374645f36509d0dcab895cba5b47daf0586f77bfe3b36c97c607db7da5be0139", size = 1439798, upload-time = "2022-12-30T19:25:38.755Z" }
wheels = [
    { url = "https://files.pythonhosted.org/packages/8f/2e/17bbb83fbf102687bb2aa3d808add39da820a7698159302a1a69bb82e01c/seaborn-0.12.2-py3-none-any.whl", hash = "sha256:ebf15355a4dba46037dfd65b7350f014ceb1f13c05e814eda2c9f5fd731afc08", size = 293284, upload-time = "2022-12-30T19:25:36.518Z" },
]

[[package]]
name = "six"
version = "1.17.0"
source = { registry = "https://pypi.org/simple" }
sdist = { url = "https://files.pythonhosted.org/packages/94/e7/b2c673351809dca68a0e064b6af791aa332cf192da575fd474ed7d6f16a2/six-1.17.0.tar.gz", hash = "sha256:ff70335d468e7eb6ec65b95b99d3a2836546063f63acc5171de367e834932a81", size = 34031, upload-time = "2024-12-04T17:35:28.174Z" }
wheels = [
    { url = "https://files.pythonhosted.org/packages/b7/ce/149a00dd41f10bc29e5921b496af8b574d8413afcd5e30dfa0ed46c2cc5e/six-1.17.0-py2.py3-none-any.whl", hash = "sha256:4721f391ed90541fddacab5acf947aa0d3dc7d27b2e1e8eda2be8970586c3274", size = 11050, upload-time = "2024-12-04T17:35:26.475Z" },
]

[[package]]
name = "tifffile"
version = "2021.7.2"
source = { registry = "https://pypi.org/simple" }
dependencies = [
    { name = "numpy" },
]
sdist = { url = "https://files.pythonhosted.org/packages/e2/f4/6b2c5989dcfcf1a0a0e373e620918fd3270f930885ab5e5e240ce5249bc0/tifffile-2021.7.2.tar.gz", hash = "sha256:17fc5ca901f7d7b827a16e4695668e6120319324efe6d1333258397d8a71dedb", size = 253302, upload-time = "2021-07-03T04:21:02.882Z" }
wheels = [
    { url = "https://files.pythonhosted.org/packages/4f/b5/f668516b0250f1ad1156964bd2d1c6c3aa9f0178107a43fbe3258b0d3189/tifffile-2021.7.2-py3-none-any.whl", hash = "sha256:3025eaecf3c188ebb9c82e6476da9d8e712630e972f00ea38e054351928e56cc", size = 169946, upload-time = "2021-07-03T04:21:01.112Z" },
]

[[package]]
name = "tomli"
version = "2.2.1"
source = { registry = "https://pypi.org/simple" }
sdist = { url = "https://files.pythonhosted.org/packages/18/87/302344fed471e44a87289cf4967697d07e532f2421fdaf868a303cbae4ff/tomli-2.2.1.tar.gz", hash = "sha256:cd45e1dc79c835ce60f7404ec8119f2eb06d38b1deba146f07ced3bbc44505ff", size = 17175, upload-time = "2024-11-27T22:38:36.873Z" }
wheels = [
    { url = "https://files.pythonhosted.org/packages/6e/c2/61d3e0f47e2b74ef40a68b9e6ad5984f6241a942f7cd3bbfbdbd03861ea9/tomli-2.2.1-py3-none-any.whl", hash = "sha256:cb55c73c5f4408779d0cf3eef9f762b9c9f147a77de7b258bef0a5628adc85cc", size = 14257, upload-time = "2024-11-27T22:38:35.385Z" },
]

[[package]]
name = "tqdm"
version = "4.65.0"
source = { registry = "https://pypi.org/simple" }
dependencies = [
    { name = "colorama", marker = "sys_platform == 'win32'" },
]
sdist = { url = "https://files.pythonhosted.org/packages/3d/78/81191f56abb7d3d56963337dbdff6aa4f55805c8afd8bad64b0a34199e9b/tqdm-4.65.0.tar.gz", hash = "sha256:1871fb68a86b8fb3b59ca4cdd3dcccbc7e6d613eeed31f4c332531977b89beb5", size = 167542, upload-time = "2023-03-03T21:17:29.945Z" }
wheels = [
    { url = "https://files.pythonhosted.org/packages/e6/02/a2cff6306177ae6bc73bc0665065de51dfb3b9db7373e122e2735faf0d97/tqdm-4.65.0-py3-none-any.whl", hash = "sha256:c4f53a17fe37e132815abceec022631be8ffe1b9381c2e6e30aa70edc99e9671", size = 77094, upload-time = "2023-03-03T21:17:26.348Z" },
]

[[package]]
name = "typing-extensions"
version = "4.13.2"
source = { registry = "https://pypi.org/simple" }
sdist = { url = "https://files.pythonhosted.org/packages/f6/37/23083fcd6e35492953e8d2aaaa68b860eb422b34627b13f2ce3eb6106061/typing_extensions-4.13.2.tar.gz", hash = "sha256:e6c81219bd689f51865d9e372991c540bda33a0379d5573cddb9a3a23f7caaef", size = 106967, upload-time = "2025-04-10T14:19:05.416Z" }
wheels = [
    { url = "https://files.pythonhosted.org/packages/8b/54/b1ae86c0973cc6f0210b53d508ca3641fb6d0c56823f288d108bc7ab3cc8/typing_extensions-4.13.2-py3-none-any.whl", hash = "sha256:a439e7c04b49fec3e5d3e2beaa21755cadbbdc391694e28ccdd36ca4a1408f8c", size = 45806, upload-time = "2025-04-10T14:19:03.967Z" },
]

[[package]]
name = "waveanalysis"
source = { editable = "." }
dependencies = [
    { name = "matplotlib" },
    { name = "numpy" },
    { name = "pandas" },
    { name = "scipy" },
    { name = "seaborn" },
    { name = "tifffile" },
    { name = "tqdm" },
]

[package.dev-dependencies]
dev = [
    { name = "pytest" },
]

[package.metadata]
requires-dist = [
    { name = "matplotlib", specifier = "==3.7.1" },
    { name = "numpy", specifier = "==1.25.0" },
    { name = "pandas", specifier = "==1.5.3" },
    { name = "scipy", specifier = "==1.10.1" },
    { name = "seaborn", specifier = "==0.12.2" },
    { name = "tifffile", specifier = "==2021.7.2" },
    { name = "tqdm", specifier = "==4.65.0" },
]

[package.metadata.requires-dev]
dev = [{ name = "pytest", specifier = ">=8.3.5" }]

[[package]]
name = "zipp"
version = "3.22.0"
source = { registry = "https://pypi.org/simple" }
sdist = { url = "https://files.pythonhosted.org/packages/12/b6/7b3d16792fdf94f146bed92be90b4eb4563569eca91513c8609aebf0c167/zipp-3.22.0.tar.gz", hash = "sha256:dd2f28c3ce4bc67507bfd3781d21b7bb2be31103b51a4553ad7d90b84e57ace5", size = 25257, upload-time = "2025-05-26T14:46:32.217Z" }
wheels = [
    { url = "https://files.pythonhosted.org/packages/ad/da/f64669af4cae46f17b90798a827519ce3737d31dbafad65d391e49643dc4/zipp-3.22.0-py3-none-any.whl", hash = "sha256:fe208f65f2aca48b81f9e6fd8cf7b8b32c26375266b009b413d45306b6148343", size = 9796, upload-time = "2025-05-26T14:46:30.775Z" },
]
